<?xml version="1.0" encoding="utf-8"?>
<Project ToolsVersion="4.0" xmlns="http://schemas.microsoft.com/developer/msbuild/2003">
  <ItemGroup>
    <Filter Include="Source Files">
      <UniqueIdentifier>{4FC737F1-C7A5-4376-A066-2A32D752A2FF}</UniqueIdentifier>
      <Extensions>cpp;c;cc;cxx;def;odl;idl;hpj;bat;asm;asmx</Extensions>
    </Filter>
    <Filter Include="Header Files">
      <UniqueIdentifier>{93995380-89BD-4b04-88EB-625FBE52EBFB}</UniqueIdentifier>
      <Extensions>h;hpp;hxx;hm;inl;inc;xsd</Extensions>
    </Filter>
    <Filter Include="Resource Files">
      <UniqueIdentifier>{67DA6AB6-F800-4c08-8B7A-83BB121AAD01}</UniqueIdentifier>
      <Extensions>rc;ico;cur;bmp;dlg;rc2;rct;bin;rgs;gif;jpg;jpeg;jpe;resx;tiff;tif;png;wav</Extensions>
    </Filter>
  </ItemGroup>
  <ItemGroup>
    <ClCompile Include="AppDomainWrapper.cpp">
      <Filter>Source Files</Filter>
    </ClCompile>
    <ClCompile Include="AppDomainWrapper2.cpp">
      <Filter>Source Files</Filter>
    </ClCompile>
    <ClCompile Include="ArrayValueWrapper.cpp">
      <Filter>Source Files</Filter>
    </ClCompile>
    <ClCompile Include="AssemblyInfo.cpp">
      <Filter>Source Files</Filter>
    </ClCompile>
    <ClCompile Include="AssemblyWrapper.cpp">
      <Filter>Source Files</Filter>
    </ClCompile>
    <ClCompile Include="BaseWrapper.cpp">
      <Filter>Source Files</Filter>
    </ClCompile>
    <ClCompile Include="BreakpointWrapper.cpp">
      <Filter>Source Files</Filter>
    </ClCompile>
    <ClCompile Include="ChainWrapper.cpp">
      <Filter>Source Files</Filter>
    </ClCompile>
    <ClCompile Include="ClassWrapper.cpp">
      <Filter>Source Files</Filter>
    </ClCompile>
    <ClCompile Include="ClassWrapper2.cpp">
      <Filter>Source Files</Filter>
    </ClCompile>
    <ClCompile Include="CodeWrapper.cpp">
      <Filter>Source Files</Filter>
    </ClCompile>
    <ClCompile Include="ControllerWrapper.cpp">
      <Filter>Source Files</Filter>
    </ClCompile>
    <ClCompile Include="DebugEventObjects.cpp">
      <Filter>Source Files</Filter>
    </ClCompile>
    <ClCompile Include="EvalWrapper.cpp">
      <Filter>Source Files</Filter>
    </ClCompile>
    <ClCompile Include="EvalWrapper2.cpp">
      <Filter>Source Files</Filter>
    </ClCompile>
    <ClCompile Include="FrameWrapper.cpp">
      <Filter>Source Files</Filter>
    </ClCompile>
    <ClCompile Include="FunctionBreakpointWrapper.cpp">
      <Filter>Source Files</Filter>
    </ClCompile>
    <ClCompile Include="FunctionWrapper.cpp">
      <Filter>Source Files</Filter>
    </ClCompile>
    <ClCompile Include="ManagedEventHandler.cpp">
      <Filter>Source Files</Filter>
    </ClCompile>
    <ClCompile Include="MdaWrapper.cpp">
      <Filter>Source Files</Filter>
    </ClCompile>
    <ClCompile Include="ModuleWrapper.cpp">
      <Filter>Source Files</Filter>
    </ClCompile>
    <ClCompile Include="ProcessWrapper.cpp">
      <Filter>Source Files</Filter>
    </ClCompile>
    <ClCompile Include="ProcessWrapper2.cpp">
      <Filter>Source Files</Filter>
    </ClCompile>
    <ClCompile Include="Stdafx.cpp">
      <Filter>Source Files</Filter>
    </ClCompile>
    <ClCompile Include="StepperWrapper.cpp">
      <Filter>Source Files</Filter>
    </ClCompile>
    <ClCompile Include="ThreadWrapper.cpp">
      <Filter>Source Files</Filter>
    </ClCompile>
    <ClCompile Include="ThreadWrapper2.cpp">
      <Filter>Source Files</Filter>
    </ClCompile>
    <ClCompile Include="TypeWrapper.cpp">
      <Filter>Source Files</Filter>
    </ClCompile>
    <ClCompile Include="ValueWrapper.cpp">
      <Filter>Source Files</Filter>
    </ClCompile>
    <ClCompile Include="ValueWrapper2.cpp">
      <Filter>Source Files</Filter>
    </ClCompile>
    <ClCompile Include="RuntimeInfo.cpp">
      <Filter>Source Files</Filter>
    </ClCompile>
    <ClCompile Include="MetaHost.cpp">
      <Filter>Source Files</Filter>
    </ClCompile>
    <ClCompile Include="Debugger.cpp">
      <Filter>Source Files</Filter>
    </ClCompile>
    <ClCompile Include="DumpFileReader.cpp">
      <Filter>Source Files</Filter>
    </ClCompile>
    <ClCompile Include="BstrConverter.cpp">
      <Filter>Source Files</Filter>
    </ClCompile>
    <ClCompile Include="LpctstrConverter.cpp">
      <Filter>Source Files</Filter>
    </ClCompile>
    <ClCompile Include="ProcessLibraryProvider.cpp">
      <Filter>Source Files</Filter>
    </ClCompile>
    <ClCompile Include="DumpDebugger.cpp">
      <Filter>Source Files</Filter>
    </ClCompile>
    <ClCompile Include="MemoryDumpDataTarget.cpp">
      <Filter>Source Files</Filter>
    </ClCompile>
    <ClCompile Include="MemoryRange.cpp">
      <Filter>Source Files</Filter>
    </ClCompile>
    <ClCompile Include="DumpFileWriter.cpp">
      <Filter>Source Files</Filter>
    </ClCompile>
    <ClCompile Include="ThreadDump.cpp">
      <Filter>Source Files</Filter>
    </ClCompile>
    <ClCompile Include="ThreadWrapper3.cpp">
      <Filter>Source Files</Filter>
    </ClCompile>
    <ClCompile Include="DumpModuleInfo.cpp">
      <Filter>Source Files</Filter>
    </ClCompile>
    <ClCompile Include="Version.cpp">
      <Filter>Source Files</Filter>
    </ClCompile>
    <ClCompile Include="DumpExceptionInfo.cpp">
      <Filter>Source Files</Filter>
    </ClCompile>
    <ClCompile Include="DumpSystemInfo.cpp">
      <Filter>Source Files</Filter>
    </ClCompile>
    <ClCompile Include="DumpThreadInfo.cpp">
      <Filter>Source Files</Filter>
    </ClCompile>
    <ClCompile Include="DumpUnloadedModuleInfo.cpp">
      <Filter>Source Files</Filter>
    </ClCompile>
    <ClCompile Include="DumpMiscInfo.cpp">
      <Filter>Source Files</Filter>
    </ClCompile>
  </ItemGroup>
  <ItemGroup>
    <ClInclude Include="AppDomainWrapper.h">
      <Filter>Header Files</Filter>
    </ClInclude>
    <ClInclude Include="AppDomainWrapper2.h">
      <Filter>Header Files</Filter>
    </ClInclude>
    <ClInclude Include="ArrayValueWrapper.h">
      <Filter>Header Files</Filter>
    </ClInclude>
    <ClInclude Include="AssemblyWrapper.h">
      <Filter>Header Files</Filter>
    </ClInclude>
    <ClInclude Include="BaseWrapper.h">
      <Filter>Header Files</Filter>
    </ClInclude>
    <ClInclude Include="BreakpointWrapper.h">
      <Filter>Header Files</Filter>
    </ClInclude>
    <ClInclude Include="ChainWrapper.h">
      <Filter>Header Files</Filter>
    </ClInclude>
    <ClInclude Include="ClassWrapper.h">
      <Filter>Header Files</Filter>
    </ClInclude>
    <ClInclude Include="ClassWrapper2.h">
      <Filter>Header Files</Filter>
    </ClInclude>
    <ClInclude Include="CodeWrapper.h">
      <Filter>Header Files</Filter>
    </ClInclude>
    <ClInclude Include="Constants.h">
      <Filter>Header Files</Filter>
    </ClInclude>
    <ClInclude Include="ControllerWrapper.h">
      <Filter>Header Files</Filter>
    </ClInclude>
    <ClInclude Include="DebugEventObjects.h">
      <Filter>Header Files</Filter>
    </ClInclude>
    <ClInclude Include="EvalWrapper.h">
      <Filter>Header Files</Filter>
    </ClInclude>
    <ClInclude Include="EvalWrapper2.h">
      <Filter>Header Files</Filter>
    </ClInclude>
    <ClInclude Include="FrameWrapper.h">
      <Filter>Header Files</Filter>
    </ClInclude>
    <ClInclude Include="FunctionBreakpointWrapper.h">
      <Filter>Header Files</Filter>
    </ClInclude>
    <ClInclude Include="FunctionWrapper.h">
      <Filter>Header Files</Filter>
    </ClInclude>
    <ClInclude Include="IDebugEventHandler.h">
      <Filter>Header Files</Filter>
    </ClInclude>
    <ClInclude Include="ManagedEventHandler.h">
      <Filter>Header Files</Filter>
    </ClInclude>
    <ClInclude Include="MdaWrapper.h">
      <Filter>Header Files</Filter>
    </ClInclude>
    <ClInclude Include="ModuleWrapper.h">
      <Filter>Header Files</Filter>
    </ClInclude>
    <ClInclude Include="ProcessWrapper.h">
      <Filter>Header Files</Filter>
    </ClInclude>
    <ClInclude Include="ProcessWrapper2.h">
      <Filter>Header Files</Filter>
    </ClInclude>
    <ClInclude Include="resource.h">
      <Filter>Header Files</Filter>
    </ClInclude>
    <ClInclude Include="Stdafx.h">
      <Filter>Header Files</Filter>
    </ClInclude>
    <ClInclude Include="StepperWrapper.h">
      <Filter>Header Files</Filter>
    </ClInclude>
    <ClInclude Include="ThreadWrapper.h">
      <Filter>Header Files</Filter>
    </ClInclude>
    <ClInclude Include="ThreadWrapper2.h">
      <Filter>Header Files</Filter>
    </ClInclude>
    <ClInclude Include="TypeWrapper.h">
      <Filter>Header Files</Filter>
    </ClInclude>
    <ClInclude Include="ValueWrapper.h">
      <Filter>Header Files</Filter>
    </ClInclude>
    <ClInclude Include="ValueWrapper2.h">
      <Filter>Header Files</Filter>
    </ClInclude>
    <ClInclude Include="RuntimeInfo.h">
      <Filter>Header Files</Filter>
    </ClInclude>
    <ClInclude Include="MetaHost.h">
      <Filter>Header Files</Filter>
    </ClInclude>
    <ClInclude Include="Debugger.h">
      <Filter>Header Files</Filter>
    </ClInclude>
    <ClInclude Include="DumpFileReader.h">
      <Filter>Header Files</Filter>
    </ClInclude>
    <ClInclude Include="BstrConverter.h">
      <Filter>Header Files</Filter>
    </ClInclude>
    <ClInclude Include="LpctstrConverter.h">
      <Filter>Header Files</Filter>
    </ClInclude>
    <ClInclude Include="ProcessLibraryProvider.h">
      <Filter>Header Files</Filter>
    </ClInclude>
    <ClInclude Include="DumpDebugger.h">
      <Filter>Header Files</Filter>
    </ClInclude>
    <ClInclude Include="MemoryDumpDataTarget.h">
      <Filter>Header Files</Filter>
    </ClInclude>
    <ClInclude Include="MemoryRange.h">
      <Filter>Header Files</Filter>
    </ClInclude>
    <ClInclude Include="DumpFileWriter.h">
      <Filter>Header Files</Filter>
    </ClInclude>
    <ClInclude Include="Enumerations.h">
      <Filter>Header Files</Filter>
    </ClInclude>
    <ClInclude Include="ThreadDump.h">
      <Filter>Header Files</Filter>
    </ClInclude>
    <ClInclude Include="ThreadWrapper3.h">
      <Filter>Header Files</Filter>
    </ClInclude>
    <ClInclude Include="DumpModuleInfo.h">
      <Filter>Header Files</Filter>
    </ClInclude>
    <ClInclude Include="Version.h">
      <Filter>Header Files</Filter>
    </ClInclude>
    <ClInclude Include="DumpExceptionInfo.h">
      <Filter>Header Files</Filter>
    </ClInclude>
    <ClInclude Include="DumpSystemInfo.h">
      <Filter>Header Files</Filter>
    </ClInclude>
    <ClInclude Include="DumpThreadInfo.h">
      <Filter>Header Files</Filter>
    </ClInclude>
    <ClInclude Include="DumpUnloadedModuleInfo.h">
      <Filter>Header Files</Filter>
    </ClInclude>
    <ClInclude Include="DumpMiscInfo.h">
      <Filter>Header Files</Filter>
    </ClInclude>
  </ItemGroup>
  <ItemGroup>
    <None Include="app.ico">
      <Filter>Resource Files</Filter>
    </None>
    <None Include="ReadMe.txt" />
  </ItemGroup>
  <ItemGroup>
    <ResourceCompile Include="app.rc">
      <Filter>Resource Files</Filter>
    </ResourceCompile>
  </ItemGroup>
</Project>